
Microsoft Visual Studio Solution File, Format Version 10.00
# Visual C++ Express 2008
Project("{8BC9CEB8-8B4A-11D0-8D11-00A0C91BC942}") = "OggIndex", "OggIndex.vcproj", "{9C038EB7-FD44-41F1-9EBB-DC653B061005}"
	ProjectSection(ProjectDependencies) = postProject
		{3A214E06-B95E-4D61-A291-1F8DF2EC10FD} = {3A214E06-B95E-4D61-A291-1F8DF2EC10FD}
		{36E06940-9229-4F15-BAF1-5E414CC2FF71} = {36E06940-9229-4F15-BAF1-5E414CC2FF71}
		{653F3841-3F26-49B9-AFCF-091DB4B67031} = {653F3841-3F26-49B9-AFCF-091DB4B67031}
		{15CBFEFF-7965-41F5-B4E2-21E8795C9159} = {15CBFEFF-7965-41F5-B4E2-21E8795C9159}
	EndProjectSection
EndProject
Project("{8BC9CEB8-8B4A-11D0-8D11-00A0C91BC942}") = "libogg_static", "..\..\..\ogg\win32\VS2008\libogg_static.vcproj", "{15CBFEFF-7965-41F5-B4E2-21E8795C9159}"
EndProject
Project("{8BC9CEB8-8B4A-11D0-8D11-00A0C91BC942}") = "libtheora_static", "..\..\..\theora\win32\VS2008\libtheora\libtheora_static.vcproj", "{653F3841-3F26-49B9-AFCF-091DB4B67031}"
	ProjectSection(ProjectDependencies) = postProject
		{15CBFEFF-7965-41F5-B4E2-21E8795C9159} = {15CBFEFF-7965-41F5-B4E2-21E8795C9159}
	EndProjectSection
EndProject
Project("{8BC9CEB8-8B4A-11D0-8D11-00A0C91BC942}") = "libvorbis_static", "..\..\..\vorbis\win32\VS2008\libvorbis\libvorbis_static.vcproj", "{3A214E06-B95E-4D61-A291-1F8DF2EC10FD}"
	ProjectSection(ProjectDependencies) = postProject
		{15CBFEFF-7965-41F5-B4E2-21E8795C9159} = {15CBFEFF-7965-41F5-B4E2-21E8795C9159}
	EndProjectSection
EndProject
Project("{8BC9CEB8-8B4A-11D0-8D11-00A0C91BC942}") = "OggIndexValid", "OggIndexValid.vcproj", "{D93F20BB-0F46-4DF5-8152-395ABB4D935E}"
	ProjectSection(ProjectDependencies) = postProject
		{3A214E06-B95E-4D61-A291-1F8DF2EC10FD} = {3A214E06-B95E-4D61-A291-1F8DF2EC10FD}
		{36E06940-9229-4F15-BAF1-5E414CC2FF71} = {36E06940-9229-4F15-BAF1-5E414CC2FF71}
		{653F3841-3F26-49B9-AFCF-091DB4B67031} = {653F3841-3F26-49B9-AFCF-091DB4B67031}
		{9C038EB7-FD44-41F1-9EBB-DC653B061005} = {9C038EB7-FD44-41F1-9EBB-DC653B061005}
		{15CBFEFF-7965-41F5-B4E2-21E8795C9159} = {15CBFEFF-7965-41F5-B4E2-21E8795C9159}
	EndProjectSection
EndProject
Project("{8BC9CEB8-8B4A-11D0-8D11-00A0C91BC942}") = "liboggkate", "..\..\..\libkate\contrib\build\win32\vc2008\liboggkate.vcproj", "{84C49674-43C9-4ED7-8EA8-6BB2FE2F3C1A}"
EndProject
Project("{8BC9CEB8-8B4A-11D0-8D11-00A0C91BC942}") = "libkate", "..\..\..\libkate\contrib\build\win32\vc2008\libkate.vcproj", "{36E06940-9229-4F15-BAF1-5E414CC2FF71}"
EndProject
Global
	GlobalSection(SolutionConfigurationPlatforms) = preSolution
		Debug|Win32 = Debug|Win32
		Release_SSE|Win32 = Release_SSE|Win32
		Release_SSE2|Win32 = Release_SSE2|Win32
		Release|Win32 = Release|Win32
	EndGlobalSection
	GlobalSection(ProjectConfigurationPlatforms) = postSolution
		{9C038EB7-FD44-41F1-9EBB-DC653B061005}.Debug|Win32.ActiveCfg = Debug|Win32
		{9C038EB7-FD44-41F1-9EBB-DC653B061005}.Debug|Win32.Build.0 = Debug|Win32
		{9C038EB7-FD44-41F1-9EBB-DC653B061005}.Release_SSE|Win32.ActiveCfg = Release|Win32
		{9C038EB7-FD44-41F1-9EBB-DC653B061005}.Release_SSE|Win32.Build.0 = Release|Win32
		{9C038EB7-FD44-41F1-9EBB-DC653B061005}.Release_SSE2|Win32.ActiveCfg = Release|Win32
		{9C038EB7-FD44-41F1-9EBB-DC653B061005}.Release_SSE2|Win32.Build.0 = Release|Win32
		{9C038EB7-FD44-41F1-9EBB-DC653B061005}.Release|Win32.ActiveCfg = Release|Win32
		{9C038EB7-FD44-41F1-9EBB-DC653B061005}.Release|Win32.Build.0 = Release|Win32
		{15CBFEFF-7965-41F5-B4E2-21E8795C9159}.Debug|Win32.ActiveCfg = Debug|Win32
		{15CBFEFF-7965-41F5-B4E2-21E8795C9159}.Debug|Win32.Build.0 = Debug|Win32
		{15CBFEFF-7965-41F5-B4E2-21E8795C9159}.Release_SSE|Win32.ActiveCfg = Release_SSE|Win32
		{15CBFEFF-7965-41F5-B4E2-21E8795C9159}.Release_SSE|Win32.Build.0 = Release_SSE|Win32
		{15CBFEFF-7965-41F5-B4E2-21E8795C9159}.Release_SSE2|Win32.ActiveCfg = Release_SSE2|Win32
		{15CBFEFF-7965-41F5-B4E2-21E8795C9159}.Release_SSE2|Win32.Build.0 = Release_SSE2|Win32
		{15CBFEFF-7965-41F5-B4E2-21E8795C9159}.Release|Win32.ActiveCfg = Release|Win32
		{15CBFEFF-7965-41F5-B4E2-21E8795C9159}.Release|Win32.Build.0 = Release|Win32
		{653F3841-3F26-49B9-AFCF-091DB4B67031}.Debug|Win32.ActiveCfg = Debug|Win32
		{653F3841-3F26-49B9-AFCF-091DB4B67031}.Debug|Win32.Build.0 = Debug|Win32
		{653F3841-3F26-49B9-AFCF-091DB4B67031}.Release_SSE|Win32.ActiveCfg = Release_SSE|Win32
		{653F3841-3F26-49B9-AFCF-091DB4B67031}.Release_SSE|Win32.Build.0 = Release_SSE|Win32
		{653F3841-3F26-49B9-AFCF-091DB4B67031}.Release_SSE2|Win32.ActiveCfg = Release_SSE2|Win32
		{653F3841-3F26-49B9-AFCF-091DB4B67031}.Release_SSE2|Win32.Build.0 = Release_SSE2|Win32
		{653F3841-3F26-49B9-AFCF-091DB4B67031}.Release|Win32.ActiveCfg = Release|Win32
		{653F3841-3F26-49B9-AFCF-091DB4B67031}.Release|Win32.Build.0 = Release|Win32
		{3A214E06-B95E-4D61-A291-1F8DF2EC10FD}.Debug|Win32.ActiveCfg = Debug|Win32
		{3A214E06-B95E-4D61-A291-1F8DF2EC10FD}.Debug|Win32.Build.0 = Debug|Win32
		{3A214E06-B95E-4D61-A291-1F8DF2EC10FD}.Release_SSE|Win32.ActiveCfg = Release_SSE|Win32
		{3A214E06-B95E-4D61-A291-1F8DF2EC10FD}.Release_SSE|Win32.Build.0 = Release_SSE|Win32
		{3A214E06-B95E-4D61-A291-1F8DF2EC10FD}.Release_SSE2|Win32.ActiveCfg = Release_SSE2|Win32
		{3A214E06-B95E-4D61-A291-1F8DF2EC10FD}.Release_SSE2|Win32.Build.0 = Release_SSE2|Win32
		{3A214E06-B95E-4D61-A291-1F8DF2EC10FD}.Release|Win32.ActiveCfg = Release|Win32
		{3A214E06-B95E-4D61-A291-1F8DF2EC10FD}.Release|Win32.Build.0 = Release|Win32
		{D93F20BB-0F46-4DF5-8152-395ABB4D935E}.Debug|Win32.ActiveCfg = Debug|Win32
		{D93F20BB-0F46-4DF5-8152-395ABB4D935E}.Debug|Win32.Build.0 = Debug|Win32
		{D93F20BB-0F46-4DF5-8152-395ABB4D935E}.Release_SSE|Win32.ActiveCfg = Release|Win32
		{D93F20BB-0F46-4DF5-8152-395ABB4D935E}.Release_SSE|Win32.Build.0 = Release|Win32
		{D93F20BB-0F46-4DF5-8152-395ABB4D935E}.Release_SSE2|Win32.ActiveCfg = Release|Win32
		{D93F20BB-0F46-4DF5-8152-395ABB4D935E}.Release_SSE2|Win32.Build.0 = Release|Win32
		{D93F20BB-0F46-4DF5-8152-395ABB4D935E}.Release|Win32.ActiveCfg = Release|Win32
		{D93F20BB-0F46-4DF5-8152-395ABB4D935E}.Release|Win32.Build.0 = Release|Win32
		{84C49674-43C9-4ED7-8EA8-6BB2FE2F3C1A}.Debug|Win32.ActiveCfg = Debug|Win32
		{84C49674-43C9-4ED7-8EA8-6BB2FE2F3C1A}.Debug|Win32.Build.0 = Debug|Win32
		{84C49674-43C9-4ED7-8EA8-6BB2FE2F3C1A}.Release_SSE|Win32.ActiveCfg = Release|Win32
		{84C49674-43C9-4ED7-8EA8-6BB2FE2F3C1A}.Release_SSE|Win32.Build.0 = Release|Win32
		{84C49674-43C9-4ED7-8EA8-6BB2FE2F3C1A}.Release_SSE2|Win32.ActiveCfg = Release|Win32
		{84C49674-43C9-4ED7-8EA8-6BB2FE2F3C1A}.Release_SSE2|Win32.Build.0 = Release|Win32
		{84C49674-43C9-4ED7-8EA8-6BB2FE2F3C1A}.Release|Win32.ActiveCfg = Release|Win32
		{84C49674-43C9-4ED7-8EA8-6BB2FE2F3C1A}.Release|Win32.Build.0 = Release|Win32
		{36E06940-9229-4F15-BAF1-5E414CC2FF71}.Debug|Win32.ActiveCfg = Debug|Win32
		{36E06940-9229-4F15-BAF1-5E414CC2FF71}.Debug|Win32.Build.0 = Debug|Win32
		{36E06940-9229-4F15-BAF1-5E414CC2FF71}.Release_SSE|Win32.ActiveCfg = Release|Win32
		{36E06940-9229-4F15-BAF1-5E414CC2FF71}.Release_SSE|Win32.Build.0 = Release|Win32
		{36E06940-9229-4F15-BAF1-5E414CC2FF71}.Release_SSE2|Win32.ActiveCfg = Release|Win32
		{36E06940-9229-4F15-BAF1-5E414CC2FF71}.Release_SSE2|Win32.Build.0 = Release|Win32
		{36E06940-9229-4F15-BAF1-5E414CC2FF71}.Release|Win32.ActiveCfg = Release|Win32
		{36E06940-9229-4F15-BAF1-5E414CC2FF71}.Release|Win32.Build.0 = Release|Win32
	EndGlobalSection
	GlobalSection(SolutionProperties) = preSolution
		HideSolutionNode = FALSE
	EndGlobalSection
EndGlobal
